
Microsoft Visual Studio Solution File, Format Version 12.00
# Visual Studio Version 16
VisualStudioVersion = 25.0.1705.1
MinimumVisualStudioVersion = 10.0.40219.1
Project("{FAE04EC0-301F-11D3-BF4B-00C04F79EFBC}") = "OOP_assessment_2", "OOP_assessment_2\OOP_assessment_2.csproj", "{30310E91-C0D4-4134-8A70-F0E7408A389B}"
EndProject
Global
	GlobalSection(SolutionConfigurationPlatforms) = preSolution
		Debug|Any CPU = Debug|Any CPU
		Release|Any CPU = Release|Any CPU
	EndGlobalSection
	GlobalSection(ProjectConfigurationPlatforms) = postSolution
		{30310E91-C0D4-4134-8A70-F0E7408A389B}.Debug|Any CPU.ActiveCfg = Debug|Any CPU
		{30310E91-C0D4-4134-8A70-F0E7408A389B}.Debug|Any CPU.Build.0 = Debug|Any CPU
		{30310E91-C0D4-4134-8A70-F0E7408A389B}.Release|Any CPU.ActiveCfg = Release|Any CPU
		{30310E91-C0D4-4134-8A70-F0E7408A389B}.Release|Any CPU.Build.0 = Release|Any CPU
	EndGlobalSection
	GlobalSection(SolutionProperties) = preSolution
		HideSolutionNode = FALSE
	EndGlobalSection
	GlobalSection(ExtensibilityGlobals) = postSolution
		SolutionGuid = {F0AA2610-B8A5-4CE3-85B7-D6C6A1EC585C}
	EndGlobalSection
EndGlobal
